// !$*UTF8*$!
{
	archiveVersion = 1;
	classes = {
	};
	objectVersion = 56;
	objects = {

/* Begin PBXBuildFile section */
		C838BB6E2A768F4A0042FFCE /* ChatRoomsApp.swift in Sources */ = {isa = PBXBuildFile; fileRef = C838BB6D2A768F4A0042FFCE /* ChatRoomsApp.swift */; };
		C838BB702A768F4A0042FFCE /* ContentView.swift in Sources */ = {isa = PBXBuildFile; fileRef = C838BB6F2A768F4A0042FFCE /* ContentView.swift */; };
		C838BB722A768F4B0042FFCE /* Assets.xcassets in Resources */ = {isa = PBXBuildFile; fileRef = C838BB712A768F4B0042FFCE /* Assets.xcassets */; };
		C838BB752A768F4B0042FFCE /* Preview Assets.xcassets in Resources */ = {isa = PBXBuildFile; fileRef = C838BB742A768F4B0042FFCE /* Preview Assets.xcassets */; };
		C838BB7F2A768F4B0042FFCE /* ChatRoomsTests.swift in Sources */ = {isa = PBXBuildFile; fileRef = C838BB7E2A768F4B0042FFCE /* ChatRoomsTests.swift */; };
		C838BB892A768F4B0042FFCE /* ChatRoomsUITests.swift in Sources */ = {isa = PBXBuildFile; fileRef = C838BB882A768F4B0042FFCE /* ChatRoomsUITests.swift */; };
		C838BB8B2A768F4B0042FFCE /* ChatRoomsUITestsLaunchTests.swift in Sources */ = {isa = PBXBuildFile; fileRef = C838BB8A2A768F4B0042FFCE /* ChatRoomsUITestsLaunchTests.swift */; };
/* End PBXBuildFile section */

/* Begin PBXContainerItemProxy section */
		C838BB7B2A768F4B0042FFCE /* PBXContainerItemProxy */ = {
			isa = PBXContainerItemProxy;
			containerPortal = C838BB622A768F4A0042FFCE /* Project object */;
			proxyType = 1;
			remoteGlobalIDString = C838BB692A768F4A0042FFCE;
			remoteInfo = ChatRooms;
		};
		C838BB852A768F4B0042FFCE /* PBXContainerItemProxy */ = {
			isa = PBXContainerItemProxy;
			containerPortal = C838BB622A768F4A0042FFCE /* Project object */;
			proxyType = 1;
			remoteGlobalIDString = C838BB692A768F4A0042FFCE;
			remoteInfo = ChatRooms;
		};
/* End PBXContainerItemProxy section */

/* Begin PBXFileReference section */
		C838BB6A2A768F4A0042FFCE /* ChatRooms.app */ = {isa = PBXFileReference; explicitFileType = wrapper.application; includeInIndex = 0; path = ChatRooms.app; sourceTree = BUILT_PRODUCTS_DIR; };
		C838BB6D2A768F4A0042FFCE /* ChatRoomsApp.swift */ = {isa = PBXFileReference; lastKnownFileType = sourcecode.swift; path = ChatRoomsApp.swift; sourceTree = "<group>"; };
		C838BB6F2A768F4A0042FFCE /* ContentView.swift */ = {isa = PBXFileReference; lastKnownFileType = sourcecode.swift; path = ContentView.swift; sourceTree = "<group>"; };
		C838BB712A768F4B0042FFCE /* Assets.xcassets */ = {isa = PBXFileReference; lastKnownFileType = folder.assetcatalog; path = Assets.xcassets; sourceTree = "<group>"; };
		C838BB742A768F4B0042FFCE /* Preview Assets.xcassets */ = {isa = PBXFileReference; lastKnownFileType = folder.assetcatalog; path = "Preview Assets.xcassets"; sourceTree = "<group>"; };
		C838BB7A2A768F4B0042FFCE /* ChatRoomsTests.xctest */ = {isa = PBXFileReference; explicitFileType = wrapper.cfbundle; includeInIndex = 0; path = ChatRoomsTests.xctest; sourceTree = BUILT_PRODUCTS_DIR; };
		C838BB7E2A768F4B0042FFCE /* ChatRoomsTests.swift */ = {isa = PBXFileReference; lastKnownFileType = sourcecode.swift; path = ChatRoomsTests.swift; sourceTree = "<group>"; };
		C838BB842A768F4B0042FFCE /* ChatRoomsUITests.xctest */ = {isa = PBXFileReference; explicitFileType = wrapper.cfbundle; includeInIndex = 0; path = ChatRoomsUITests.xctest; sourceTree = BUILT_PRODUCTS_DIR; };
		C838BB882A768F4B0042FFCE /* ChatRoomsUITests.swift */ = {isa = PBXFileReference; lastKnownFileType = sourcecode.swift; path = ChatRoomsUITests.swift; sourceTree = "<group>"; };
		C838BB8A2A768F4B0042FFCE /* ChatRoomsUITestsLaunchTests.swift */ = {isa = PBXFileReference; lastKnownFileType = sourcecode.swift; path = ChatRoomsUITestsLaunchTests.swift; sourceTree = "<group>"; };
/* End PBXFileReference section */

/* Begin PBXFrameworksBuildPhase section */
		C838BB672A768F4A0042FFCE /* Frameworks */ = {
			isa = PBXFrameworksBuildPhase;
			buildActionMask = 2147483647;
			files = (
			);
			runOnlyForDeploymentPostprocessing = 0;
		};
		C838BB772A768F4B0042FFCE /* Frameworks */ = {
			isa = PBXFrameworksBuildPhase;
			buildActionMask = 2147483647;
			files = (
			);
			runOnlyForDeploymentPostprocessing = 0;
		};
		C838BB812A768F4B0042FFCE /* Frameworks */ = {
			isa = PBXFrameworksBuildPhase;
			buildActionMask = 2147483647;
			files = (
			);
			runOnlyForDeploymentPostprocessing = 0;
		};
/* End PBXFrameworksBuildPhase section */

/* Begin PBXGroup section */
		C838BB612A768F4A0042FFCE = {
			isa = PBXGroup;
			children = (
				C838BB6C2A768F4A0042FFCE /* ChatRooms */,
				C838BB7D2A768F4B0042FFCE /* ChatRoomsTests */,
				C838BB872A768F4B0042FFCE /* ChatRoomsUITests */,
				C838BB6B2A768F4A0042FFCE /* Products */,
			);
			sourceTree = "<group>";
		};
		C838BB6B2A768F4A0042FFCE /* Products */ = {
			isa = PBXGroup;
			children = (
				C838BB6A2A768F4A0042FFCE /* ChatRooms.app */,
				C838BB7A2A768F4B0042FFCE /* ChatRoomsTests.xctest */,
				C838BB842A768F4B0042FFCE /* ChatRoomsUITests.xctest */,
			);
			name = Products;
			sourceTree = "<group>";
		};
		C838BB6C2A768F4A0042FFCE /* ChatRooms */ = {
			isa = PBXGroup;
			children = (
				C838BB6D2A768F4A0042FFCE /* ChatRoomsApp.swift */,
				C838BB6F2A768F4A0042FFCE /* ContentView.swift */,
				C838BB712A768F4B0042FFCE /* Assets.xcassets */,
				C838BB732A768F4B0042FFCE /* Preview Content */,
			);
			path = ChatRooms;
			sourceTree = "<group>";
		};
		C838BB732A768F4B0042FFCE /* Preview Content */ = {
			isa = PBXGroup;
			children = (
				C838BB742A768F4B0042FFCE /* Preview Assets.xcassets */,
			);
			path = "Preview Content";
			sourceTree = "<group>";
		};
		C838BB7D2A768F4B0042FFCE /* ChatRoomsTests */ = {
			isa = PBXGroup;
			children = (
				C838BB7E2A768F4B0042FFCE /* ChatRoomsTests.swift */,
			);
			path = ChatRoomsTests;
			sourceTree = "<group>";
		};
		C838BB872A768F4B0042FFCE /* ChatRoomsUITests */ = {
			isa = PBXGroup;
			children = (
				C838BB882A768F4B0042FFCE /* ChatRoomsUITests.swift */,
				C838BB8A2A768F4B0042FFCE /* ChatRoomsUITestsLaunchTests.swift */,
			);
			path = ChatRoomsUITests;
			sourceTree = "<group>";
		};
/* End PBXGroup section */

/* Begin PBXNativeTarget section */
		C838BB692A768F4A0042FFCE /* ChatRooms */ = {
			isa = PBXNativeTarget;
			buildConfigurationList = C838BB8E2A768F4B0042FFCE /* Build configuration list for PBXNativeTarget "ChatRooms" */;
			buildPhases = (
				C838BB662A768F4A0042FFCE /* Sources */,
				C838BB672A768F4A0042FFCE /* Frameworks */,
				C838BB682A768F4A0042FFCE /* Resources */,
			);
			buildRules = (
			);
			dependencies = (
			);
			name = ChatRooms;
			productName = ChatRooms;
			productReference = C838BB6A2A768F4A0042FFCE /* ChatRooms.app */;
			productType = "com.apple.product-type.application";
		};
		C838BB792A768F4B0042FFCE /* ChatRoomsTests */ = {
			isa = PBXNativeTarget;
			buildConfigurationList = C838BB912A768F4B0042FFCE /* Build configuration list for PBXNativeTarget "ChatRoomsTests" */;
			buildPhases = (
				C838BB762A768F4B0042FFCE /* Sources */,
				C838BB772A768F4B0042FFCE /* Frameworks */,
				C838BB782A768F4B0042FFCE /* Resources */,
			);
			buildRules = (
			);
			dependencies = (
				C838BB7C2A768F4B0042FFCE /* PBXTargetDependency */,
			);
			name = ChatRoomsTests;
			productName = ChatRoomsTests;
			productReference = C838BB7A2A768F4B0042FFCE /* ChatRoomsTests.xctest */;
			productType = "com.apple.product-type.bundle.unit-test";
		};
		C838BB832A768F4B0042FFCE /* ChatRoomsUITests */ = {
			isa = PBXNativeTarget;
			buildConfigurationList = C838BB942A768F4B0042FFCE /* Build configuration list for PBXNativeTarget "ChatRoomsUITests" */;
			buildPhases = (
				C838BB802A768F4B0042FFCE /* Sources */,
				C838BB812A768F4B0042FFCE /* Frameworks */,
				C838BB822A768F4B0042FFCE /* Resources */,
			);
			buildRules = (
			);
			dependencies = (
				C838BB862A768F4B0042FFCE /* PBXTargetDependency */,
			);
			name = ChatRoomsUITests;
			productName = ChatRoomsUITests;
			productReference = C838BB842A768F4B0042FFCE /* ChatRoomsUITests.xctest */;
			productType = "com.apple.product-type.bundle.ui-testing";
		};
/* End PBXNativeTarget section */

/* Begin PBXProject section */
		C838BB622A768F4A0042FFCE /* Project object */ = {
			isa = PBXProject;
			attributes = {
				BuildIndependentTargetsInParallel = 1;
				LastSwiftUpdateCheck = 1430;
				LastUpgradeCheck = 1430;
				TargetAttributes = {
					C838BB692A768F4A0042FFCE = {
						CreatedOnToolsVersion = 14.3.1;
					};
					C838BB792A768F4B0042FFCE = {
						CreatedOnToolsVersion = 14.3.1;
						TestTargetID = C838BB692A768F4A0042FFCE;
					};
					C838BB832A768F4B0042FFCE = {
						CreatedOnToolsVersion = 14.3.1;
						TestTargetID = C838BB692A768F4A0042FFCE;
					};
				};
			};
			buildConfigurationList = C838BB652A768F4A0042FFCE /* Build configuration list for PBXProject "ChatRooms" */;
			compatibilityVersion = "Xcode 14.0";
			developmentRegion = en;
			hasScannedForEncodings = 0;
			knownRegions = (
				en,
				Base,
			);
			mainGroup = C838BB612A768F4A0042FFCE;
			productRefGroup = C838BB6B2A768F4A0042FFCE /* Products */;
			projectDirPath = "";
			projectRoot = "";
			targets = (
				C838BB692A768F4A0042FFCE /* ChatRooms */,
				C838BB792A768F4B0042FFCE /* ChatRoomsTests */,
				C838BB832A768F4B0042FFCE /* ChatRoomsUITests */,
			);
		};
/* End PBXProject section */

/* Begin PBXResourcesBuildPhase section */
		C838BB682A768F4A0042FFCE /* Resources */ = {
			isa = PBXResourcesBuildPhase;
			buildActionMask = 2147483647;
			files = (
				C838BB752A768F4B0042FFCE /* Preview Assets.xcassets in Resources */,
				C838BB722A768F4B0042FFCE /* Assets.xcassets in Resources */,
			);
			runOnlyForDeploymentPostprocessing = 0;
		};
		C838BB782A768F4B0042FFCE /* Resources */ = {
			isa = PBXResourcesBuildPhase;
			buildActionMask = 2147483647;
			files = (
			);
			runOnlyForDeploymentPostprocessing = 0;
		};
		C838BB822A768F4B0042FFCE /* Resources */ = {
			isa = PBXResourcesBuildPhase;
			buildActionMask = 2147483647;
			files = (
			);
			runOnlyForDeploymentPostprocessing = 0;
		};
/* End PBXResourcesBuildPhase section */

/* Begin PBXSourcesBuildPhase section */
		C838BB662A768F4A0042FFCE /* Sources */ = {
			isa = PBXSourcesBuildPhase;
			buildActionMask = 2147483647;
			files = (
				C838BB702A768F4A0042FFCE /* ContentView.swift in Sources */,
				C838BB6E2A768F4A0042FFCE /* ChatRoomsApp.swift in Sources */,
			);
			runOnlyForDeploymentPostprocessing = 0;
		};
		C838BB762A768F4B0042FFCE /* Sources */ = {
			isa = PBXSourcesBuildPhase;
			buildActionMask = 2147483647;
			files = (
				C838BB7F2A768F4B0042FFCE /* ChatRoomsTests.swift in Sources */,
			);
			runOnlyForDeploymentPostprocessing = 0;
		};
		C838BB802A768F4B0042FFCE /* Sources */ = {
			isa = PBXSourcesBuildPhase;
			buildActionMask = 2147483647;
			files = (
				C838BB892A768F4B0042FFCE /* ChatRoomsUITests.swift in Sources */,
				C838BB8B2A768F4B0042FFCE /* ChatRoomsUITestsLaunchTests.swift in Sources */,
			);
			runOnlyForDeploymentPostprocessing = 0;
		};
/* End PBXSourcesBuildPhase section */

/* Begin PBXTargetDependency section */
		C838BB7C2A768F4B0042FFCE /* PBXTargetDependency */ = {
			isa = PBXTargetDependency;
			target = C838BB692A768F4A0042FFCE /* ChatRooms */;
			targetProxy = C838BB7B2A768F4B0042FFCE /* PBXContainerItemProxy */;
		};
		C838BB862A768F4B0042FFCE /* PBXTargetDependency */ = {
			isa = PBXTargetDependency;
			target = C838BB692A768F4A0042FFCE /* ChatRooms */;
			targetProxy = C838BB852A768F4B0042FFCE /* PBXContainerItemProxy */;
		};
/* End PBXTargetDependency section */

/* Begin XCBuildConfiguration section */
		C838BB8C2A768F4B0042FFCE /* Debug */ = {
			isa = XCBuildConfiguration;
			buildSettings = {
				ALWAYS_SEARCH_USER_PATHS = NO;
				CLANG_ANALYZER_NONNULL = YES;
				CLANG_ANALYZER_NUMBER_OBJECT_CONVERSION = YES_AGGRESSIVE;
				CLANG_CXX_LANGUAGE_STANDARD = "gnu++20";
				CLANG_ENABLE_MODULES = YES;
				CLANG_ENABLE_OBJC_ARC = YES;
				CLANG_ENABLE_OBJC_WEAK = YES;
				CLANG_WARN_BLOCK_CAPTURE_AUTORELEASING = YES;
				CLANG_WARN_BOOL_CONVERSION = YES;
				CLANG_WARN_COMMA = YES;
				CLANG_WARN_CONSTANT_CONVERSION = YES;
				CLANG_WARN_DEPRECATED_OBJC_IMPLEMENTATIONS = YES;
				CLANG_WARN_DIRECT_OBJC_ISA_USAGE = YES_ERROR;
				CLANG_WARN_DOCUMENTATION_COMMENTS = YES;
				CLANG_WARN_EMPTY_BODY = YES;
				CLANG_WARN_ENUM_CONVERSION = YES;
				CLANG_WARN_INFINITE_RECURSION = YES;
				CLANG_WARN_INT_CONVERSION = YES;
				CLANG_WARN_NON_LITERAL_NULL_CONVERSION = YES;
				CLANG_WARN_OBJC_IMPLICIT_RETAIN_SELF = YES;
				CLANG_WARN_OBJC_LITERAL_CONVERSION = YES;
				CLANG_WARN_OBJC_ROOT_CLASS = YES_ERROR;
				CLANG_WARN_QUOTED_INCLUDE_IN_FRAMEWORK_HEADER = YES;
				CLANG_WARN_RANGE_LOOP_ANALYSIS = YES;
				CLANG_WARN_STRICT_PROTOTYPES = YES;
				CLANG_WARN_SUSPICIOUS_MOVE = YES;
				CLANG_WARN_UNGUARDED_AVAILABILITY = YES_AGGRESSIVE;
				CLANG_WARN_UNREACHABLE_CODE = YES;
				CLANG_WARN__DUPLICATE_METHOD_MATCH = YES;
				COPY_PHASE_STRIP = NO;
				DEBUG_INFORMATION_FORMAT = dwarf;
				ENABLE_STRICT_OBJC_MSGSEND = YES;
				ENABLE_TESTABILITY = YES;
				GCC_C_LANGUAGE_STANDARD = gnu11;
				GCC_DYNAMIC_NO_PIC = NO;
				GCC_NO_COMMON_BLOCKS = YES;
				GCC_OPTIMIZATION_LEVEL = 0;
				GCC_PREPROCESSOR_DEFINITIONS = (
					"DEBUG=1",
					"$(inherited)",
				);
				GCC_WARN_64_TO_32_BIT_CONVERSION = YES;
				GCC_WARN_ABOUT_RETURN_TYPE = YES_ERROR;
				GCC_WARN_UNDECLARED_SELECTOR = YES;
				GCC_WARN_UNINITIALIZED_AUTOS = YES_AGGRESSIVE;
				GCC_WARN_UNUSED_FUNCTION = YES;
				GCC_WARN_UNUSED_VARIABLE = YES;
				IPHONEOS_DEPLOYMENT_TARGET = 16.4;
				MTL_ENABLE_DEBUG_INFO = INCLUDE_SOURCE;
				MTL_FAST_MATH = YES;
				ONLY_ACTIVE_ARCH = YES;
				SDKROOT = iphoneos;
				SWIFT_ACTIVE_COMPILATION_CONDITIONS = DEBUG;
				SWIFT_OPTIMIZATION_LEVEL = "-Onone";
			};
			name = Debug;
		};
		C838BB8D2A768F4B0042FFCE /* Release */ = {
			isa = XCBuildConfiguration;
			buildSettings = {
				ALWAYS_SEARCH_USER_PATHS = NO;
				CLANG_ANALYZER_NONNULL = YES;
				CLANG_ANALYZER_NUMBER_OBJECT_CONVERSION = YES_AGGRESSIVE;
				CLANG_CXX_LANGUAGE_STANDARD = "gnu++20";
				CLANG_ENABLE_MODULES = YES;
				CLANG_ENABLE_OBJC_ARC = YES;
				CLANG_ENABLE_OBJC_WEAK = YES;
				CLANG_WARN_BLOCK_CAPTURE_AUTORELEASING = YES;
				CLANG_WARN_BOOL_CONVERSION = YES;
				CLANG_WARN_COMMA = YES;
				CLANG_WARN_CONSTANT_CONVERSION = YES;
				CLANG_WARN_DEPRECATED_OBJC_IMPLEMENTATIONS = YES;
				CLANG_WARN_DIRECT_OBJC_ISA_USAGE = YES_ERROR;
				CLANG_WARN_DOCUMENTATION_COMMENTS = YES;
				CLANG_WARN_EMPTY_BODY = YES;
				CLANG_WARN_ENUM_CONVERSION = YES;
				CLANG_WARN_INFINITE_RECURSION = YES;
				CLANG_WARN_INT_CONVERSION = YES;
				CLANG_WARN_NON_LITERAL_NULL_CONVERSION = YES;
				CLANG_WARN_OBJC_IMPLICIT_RETAIN_SELF = YES;
				CLANG_WARN_OBJC_LITERAL_CONVERSION = YES;
				CLANG_WARN_OBJC_ROOT_CLASS = YES_ERROR;
				CLANG_WARN_QUOTED_INCLUDE_IN_FRAMEWORK_HEADER = YES;
				CLANG_WARN_RANGE_LOOP_ANALYSIS = YES;
				CLANG_WARN_STRICT_PROTOTYPES = YES;
				CLANG_WARN_SUSPICIOUS_MOVE = YES;
				CLANG_WARN_UNGUARDED_AVAILABILITY = YES_AGGRESSIVE;
				CLANG_WARN_UNREACHABLE_CODE = YES;
				CLANG_WARN__DUPLICATE_METHOD_MATCH = YES;
				COPY_PHASE_STRIP = NO;
				DEBUG_INFORMATION_FORMAT = "dwarf-with-dsym";
				ENABLE_NS_ASSERTIONS = NO;
				ENABLE_STRICT_OBJC_MSGSEND = YES;
				GCC_C_LANGUAGE_STANDARD = gnu11;
				GCC_NO_COMMON_BLOCKS = YES;
				GCC_WARN_64_TO_32_BIT_CONVERSION = YES;
				GCC_WARN_ABOUT_RETURN_TYPE = YES_ERROR;
				GCC_WARN_UNDECLARED_SELECTOR = YES;
				GCC_WARN_UNINITIALIZED_AUTOS = YES_AGGRESSIVE;
				GCC_WARN_UNUSED_FUNCTION = YES;
				GCC_WARN_UNUSED_VARIABLE = YES;
				IPHONEOS_DEPLOYMENT_TARGET = 16.4;
				MTL_ENABLE_DEBUG_INFO = NO;
				MTL_FAST_MATH = YES;
				SDKROOT = iphoneos;
				SWIFT_COMPILATION_MODE = wholemodule;
				SWIFT_OPTIMIZATION_LEVEL = "-O";
				VALIDATE_PRODUCT = YES;
			};
			name = Release;
		};
		C838BB8F2A768F4B0042FFCE /* Debug */ = {
			isa = XCBuildConfiguration;
			buildSettings = {
				ASSETCATALOG_COMPILER_APPICON_NAME = AppIcon;
				ASSETCATALOG_COMPILER_GLOBAL_ACCENT_COLOR_NAME = AccentColor;
				CODE_SIGN_STYLE = Automatic;
				CURRENT_PROJECT_VERSION = 1;
				DEVELOPMENT_ASSET_PATHS = "\"ChatRooms/Preview Content\"";
				DEVELOPMENT_TEAM = FTU2HFGK26;
				ENABLE_PREVIEWS = YES;
				GENERATE_INFOPLIST_FILE = YES;
				INFOPLIST_KEY_UIApplicationSceneManifest_Generation = YES;
				INFOPLIST_KEY_UIApplicationSupportsIndirectInputEvents = YES;
				INFOPLIST_KEY_UILaunchScreen_Generation = YES;
				INFOPLIST_KEY_UISupportedInterfaceOrientations_iPad = "UIInterfaceOrientationPortrait UIInterfaceOrientationPortraitUpsideDown UIInterfaceOrientationLandscapeLeft UIInterfaceOrientationLandscapeRight";
				INFOPLIST_KEY_UISupportedInterfaceOrientations_iPhone = "UIInterfaceOrientationPortrait UIInterfaceOrientationLandscapeLeft UIInterfaceOrientationLandscapeRight";
				LD_RUNPATH_SEARCH_PATHS = (
					"$(inherited)",
					"@executable_path/Frameworks",
				);
				MARKETING_VERSION = 1.0;
				PRODUCT_BUNDLE_IDENTIFIER = me.ChatRooms;
				PRODUCT_NAME = "$(TARGET_NAME)";
				SWIFT_EMIT_LOC_STRINGS = YES;
				SWIFT_VERSION = 5.0;
				TARGETED_DEVICE_FAMILY = "1,2";
			};
			name = Debug;
		};
		C838BB902A768F4B0042FFCE /* Release */ = {
			isa = XCBuildConfiguration;
			buildSettings = {
				ASSETCATALOG_COMPILER_APPICON_NAME = AppIcon;
				ASSETCATALOG_COMPILER_GLOBAL_ACCENT_COLOR_NAME = AccentColor;
				CODE_SIGN_STYLE = Automatic;
				CURRENT_PROJECT_VERSION = 1;
				DEVELOPMENT_ASSET_PATHS = "\"ChatRooms/Preview Content\"";
				DEVELOPMENT_TEAM = FTU2HFGK26;
				ENABLE_PREVIEWS = YES;
				GENERATE_INFOPLIST_FILE = YES;
				INFOPLIST_KEY_UIApplicationSceneManifest_Generation = YES;
				INFOPLIST_KEY_UIApplicationSupportsIndirectInputEvents = YES;
				INFOPLIST_KEY_UILaunchScreen_Generation = YES;
				INFOPLIST_KEY_UISupportedInterfaceOrientations_iPad = "UIInterfaceOrientationPortrait UIInterfaceOrientationPortraitUpsideDown UIInterfaceOrientationLandscapeLeft UIInterfaceOrientationLandscapeRight";
				INFOPLIST_KEY_UISupportedInterfaceOrientations_iPhone = "UIInterfaceOrientationPortrait UIInterfaceOrientationLandscapeLeft UIInterfaceOrientationLandscapeRight";
				LD_RUNPATH_SEARCH_PATHS = (
					"$(inherited)",
					"@executable_path/Frameworks",
				);
				MARKETING_VERSION = 1.0;
				PRODUCT_BUNDLE_IDENTIFIER = me.ChatRooms;
				PRODUCT_NAME = "$(TARGET_NAME)";
				SWIFT_EMIT_LOC_STRINGS = YES;
				SWIFT_VERSION = 5.0;
				TARGETED_DEVICE_FAMILY = "1,2";
			};
			name = Release;
		};
		C838BB922A768F4B0042FFCE /* Debug */ = {
			isa = XCBuildConfiguration;
			buildSettings = {
				ALWAYS_EMBED_SWIFT_STANDARD_LIBRARIES = YES;
				BUNDLE_LOADER = "$(TEST_HOST)";
				CODE_SIGN_STYLE = Automatic;
				CURRENT_PROJECT_VERSION = 1;
				DEVELOPMENT_TEAM = FTU2HFGK26;
				GENERATE_INFOPLIST_FILE = YES;
				IPHONEOS_DEPLOYMENT_TARGET = 16.4;
				MARKETING_VERSION = 1.0;
				PRODUCT_BUNDLE_IDENTIFIER = me.ChatRoomsTests;
				PRODUCT_NAME = "$(TARGET_NAME)";
				SWIFT_EMIT_LOC_STRINGS = NO;
				SWIFT_VERSION = 5.0;
				TARGETED_DEVICE_FAMILY = "1,2";
				TEST_HOST = "$(BUILT_PRODUCTS_DIR)/ChatRooms.app/$(BUNDLE_EXECUTABLE_FOLDER_PATH)/ChatRooms";
			};
			name = Debug;
		};
		C838BB932A768F4B0042FFCE /* Release */ = {
			isa = XCBuildConfiguration;
			buildSettings = {
				ALWAYS_EMBED_SWIFT_STANDARD_LIBRARIES = YES;
				BUNDLE_LOADER = "$(TEST_HOST)";
				CODE_SIGN_STYLE = Automatic;
				CURRENT_PROJECT_VERSION = 1;
				DEVELOPMENT_TEAM = FTU2HFGK26;
				GENERATE_INFOPLIST_FILE = YES;
				IPHONEOS_DEPLOYMENT_TARGET = 16.4;
				MARKETING_VERSION = 1.0;
				PRODUCT_BUNDLE_IDENTIFIER = me.ChatRoomsTests;
				PRODUCT_NAME = "$(TARGET_NAME)";
				SWIFT_EMIT_LOC_STRINGS = NO;
				SWIFT_VERSION = 5.0;
				TARGETED_DEVICE_FAMILY = "1,2";
				TEST_HOST = "$(BUILT_PRODUCTS_DIR)/ChatRooms.app/$(BUNDLE_EXECUTABLE_FOLDER_PATH)/ChatRooms";
			};
			name = Release;
		};
		C838BB952A768F4B0042FFCE /* Debug */ = {
			isa = XCBuildConfiguration;
			buildSettings = {
				ALWAYS_EMBED_SWIFT_STANDARD_LIBRARIES = YES;
				CODE_SIGN_STYLE = Automatic;
				CURRENT_PROJECT_VERSION = 1;
				DEVELOPMENT_TEAM = FTU2HFGK26;
				GENERATE_INFOPLIST_FILE = YES;
				MARKETING_VERSION = 1.0;
				PRODUCT_BUNDLE_IDENTIFIER = me.ChatRoomsUITests;
				PRODUCT_NAME = "$(TARGET_NAME)";
				SWIFT_EMIT_LOC_STRINGS = NO;
				SWIFT_VERSION = 5.0;
				TARGETED_DEVICE_FAMILY = "1,2";
				TEST_TARGET_NAME = ChatRooms;
			};
			name = Debug;
		};
		C838BB962A768F4B0042FFCE /* Release */ = {
			isa = XCBuildConfiguration;
			buildSettings = {
				ALWAYS_EMBED_SWIFT_STANDARD_LIBRARIES = YES;
				CODE_SIGN_STYLE = Automatic;
				CURRENT_PROJECT_VERSION = 1;
				DEVELOPMENT_TEAM = FTU2HFGK26;
				GENERATE_INFOPLIST_FILE = YES;
				MARKETING_VERSION = 1.0;
				PRODUCT_BUNDLE_IDENTIFIER = me.ChatRoomsUITests;
				PRODUCT_NAME = "$(TARGET_NAME)";
				SWIFT_EMIT_LOC_STRINGS = NO;
				SWIFT_VERSION = 5.0;
				TARGETED_DEVICE_FAMILY = "1,2";
				TEST_TARGET_NAME = ChatRooms;
			};
			name = Release;
		};
/* End XCBuildConfiguration section */

/* Begin XCConfigurationList section */
		C838BB652A768F4A0042FFCE /* Build configuration list for PBXProject "ChatRooms" */ = {
			isa = XCConfigurationList;
			buildConfigurations = (
				C838BB8C2A768F4B0042FFCE /* Debug */,
				C838BB8D2A768F4B0042FFCE /* Release */,
			);
			defaultConfigurationIsVisible = 0;
			defaultConfigurationName = Release;
		};
		C838BB8E2A768F4B0042FFCE /* Build configuration list for PBXNativeTarget "ChatRooms" */ = {
			isa = XCConfigurationList;
			buildConfigurations = (
				C838BB8F2A768F4B0042FFCE /* Debug */,
				C838BB902A768F4B0042FFCE /* Release */,
			);
			defaultConfigurationIsVisible = 0;
			defaultConfigurationName = Release;
		};
		C838BB912A768F4B0042FFCE /* Build configuration list for PBXNativeTarget "ChatRoomsTests" */ = {
			isa = XCConfigurationList;
			buildConfigurations = (
				C838BB922A768F4B0042FFCE /* Debug */,
				C838BB932A768F4B0042FFCE /* Release */,
			);
			defaultConfigurationIsVisible = 0;
			defaultConfigurationName = Release;
		};
		C838BB942A768F4B0042FFCE /* Build configuration list for PBXNativeTarget "ChatRoomsUITests" */ = {
			isa = XCConfigurationList;
			buildConfigurations = (
				C838BB952A768F4B0042FFCE /* Debug */,
				C838BB962A768F4B0042FFCE /* Release */,
			);
			defaultConfigurationIsVisible = 0;
			defaultConfigurationName = Release;
		};
/* End XCConfigurationList section */
	};
	rootObject = C838BB622A768F4A0042FFCE /* Project object */;
}
